
Microsoft Visual Studio Solution File, Format Version 12.00
# Visual Studio 2015
Project("{FAE04EC0-301F-11D3-BF4B-00C04F79EFBC}") = "MonstersAttack.CSharp.Plugins", "MonstersAttack.CSharp.Plugins.csproj", "{7D21BF3E-1F04-8E9A-1B10-FEA30E0D6B41}"
EndProject
Project("{FAE04EC0-301F-11D3-BF4B-00C04F79EFBC}") = "MonstersAttack.CSharp", "MonstersAttack.CSharp.csproj", "{85605AEB-2FC9-9AF4-0FF1-7DEE751BC2AE}"
EndProject
Project("{FAE04EC0-301F-11D3-BF4B-00C04F79EFBC}") = "MonstersAttack.CSharp.Editor", "MonstersAttack.CSharp.Editor.csproj", "{EADF7FF2-137B-A52B-E773-51894C6A60C5}"
EndProject
Global
	GlobalSection(SolutionConfigurationPlatforms) = preSolution
		Debug|Any CPU = Debug|Any CPU
		Release|Any CPU = Release|Any CPU
	EndGlobalSection
	GlobalSection(ProjectConfigurationPlatforms) = postSolution
		{7D21BF3E-1F04-8E9A-1B10-FEA30E0D6B41}.Debug|Any CPU.ActiveCfg = Debug|Any CPU
		{7D21BF3E-1F04-8E9A-1B10-FEA30E0D6B41}.Debug|Any CPU.Build.0 = Debug|Any CPU
		{7D21BF3E-1F04-8E9A-1B10-FEA30E0D6B41}.Release|Any CPU.ActiveCfg = Release|Any CPU
		{7D21BF3E-1F04-8E9A-1B10-FEA30E0D6B41}.Release|Any CPU.Build.0 = Release|Any CPU
		{85605AEB-2FC9-9AF4-0FF1-7DEE751BC2AE}.Debug|Any CPU.ActiveCfg = Debug|Any CPU
		{85605AEB-2FC9-9AF4-0FF1-7DEE751BC2AE}.Debug|Any CPU.Build.0 = Debug|Any CPU
		{85605AEB-2FC9-9AF4-0FF1-7DEE751BC2AE}.Release|Any CPU.ActiveCfg = Release|Any CPU
		{85605AEB-2FC9-9AF4-0FF1-7DEE751BC2AE}.Release|Any CPU.Build.0 = Release|Any CPU
		{EADF7FF2-137B-A52B-E773-51894C6A60C5}.Debug|Any CPU.ActiveCfg = Debug|Any CPU
		{EADF7FF2-137B-A52B-E773-51894C6A60C5}.Debug|Any CPU.Build.0 = Debug|Any CPU
		{EADF7FF2-137B-A52B-E773-51894C6A60C5}.Release|Any CPU.ActiveCfg = Release|Any CPU
		{EADF7FF2-137B-A52B-E773-51894C6A60C5}.Release|Any CPU.Build.0 = Release|Any CPU
	EndGlobalSection
	GlobalSection(SolutionProperties) = preSolution
		HideSolutionNode = FALSE
	EndGlobalSection
EndGlobal
